
Microsoft Visual Studio Solution File, Format Version 12.00
# Visual Studio Version 17
VisualStudioVersion = 17.4.33122.133
MinimumVisualStudioVersion = 10.0.40219.1
Project("{FAE04EC0-301F-11D3-BF4B-00C04F79EFBC}") = "RemoteBindingGrid", "RemoteBindingGrid\RemoteBindingGrid.csproj", "{4A50EF56-3516-4539-8D56-85261CF2E881}"
EndProject
Global
	GlobalSection(SolutionConfigurationPlatforms) = preSolution
		Debug|Any CPU = Debug|Any CPU
		Release|Any CPU = Release|Any CPU
	EndGlobalSection
	GlobalSection(ProjectConfigurationPlatforms) = postSolution
		{4A50EF56-3516-4539-8D56-85261CF2E881}.Debug|Any CPU.ActiveCfg = Debug|Any CPU
		{4A50EF56-3516-4539-8D56-85261CF2E881}.Debug|Any CPU.Build.0 = Debug|Any CPU
		{4A50EF56-3516-4539-8D56-85261CF2E881}.Release|Any CPU.ActiveCfg = Release|Any CPU
		{4A50EF56-3516-4539-8D56-85261CF2E881}.Release|Any CPU.Build.0 = Release|Any CPU
	EndGlobalSection
	GlobalSection(SolutionProperties) = preSolution
		HideSolutionNode = FALSE
	EndGlobalSection
	GlobalSection(ExtensibilityGlobals) = postSolution
		SolutionGuid = {BB70C66B-7C55-4B78-A842-355A2503D03D}
	EndGlobalSection
EndGlobal
